
Microsoft Visual Studio Solution File, Format Version 12.00
Project("{FAE04EC0-301F-11D3-BF4B-00C04F79EFBC}") = "WeeSpeak", "WeeSpeak\WeeSpeak.csproj", "{79ED862E-8E32-4DEB-AA58-055EDC78D25B}"
EndProject
Global
	GlobalSection(SolutionConfigurationPlatforms) = preSolution
		Debug|Any CPU = Debug|Any CPU
		Release|Any CPU = Release|Any CPU
	EndGlobalSection
	GlobalSection(ProjectConfigurationPlatforms) = postSolution
		{79ED862E-8E32-4DEB-AA58-055EDC78D25B}.Debug|Any CPU.ActiveCfg = Debug|Any CPU
		{79ED862E-8E32-4DEB-AA58-055EDC78D25B}.Debug|Any CPU.Build.0 = Debug|Any CPU
		{79ED862E-8E32-4DEB-AA58-055EDC78D25B}.Release|Any CPU.ActiveCfg = Release|Any CPU
		{79ED862E-8E32-4DEB-AA58-055EDC78D25B}.Release|Any CPU.Build.0 = Release|Any CPU
	EndGlobalSection
EndGlobal
